{
  "name": "oj-demo-proto",
  "lockfileVersion": 3,
  "requires": true,
  "packages": {
    "": {
      "dependencies": {
        "@bufbuild/buf": "^1.60.0"
      }
    },
    "node_modules/@bufbuild/buf": {
      "version": "1.60.0",
      "resolved": "https://registry.npmjs.org/@bufbuild/buf/-/buf-1.60.0.tgz",
      "integrity": "sha512-RF7EcwHF9wGUs4EBSweHtXZHfVL7bqkSPD1zwgJmG/ejo/I7KXS8+mT56fjw4r6MNgyNTV9F9gVfTsx4D6vhhA==",
      "hasInstallScript": true,
      "license": "Apache-2.0",
      "bin": {
        "buf": "bin/buf",
        "protoc-gen-buf-breaking": "bin/protoc-gen-buf-breaking",
        "protoc-gen-buf-lint": "bin/protoc-gen-buf-lint"
      },
      "engines": {
        "node": ">=12"
      },
      "optionalDependencies": {
        "@bufbuild/buf-darwin-arm64": "1.60.0",
        "@bufbuild/buf-darwin-x64": "1.60.0",
        "@bufbuild/buf-linux-aarch64": "1.60.0",
        "@bufbuild/buf-linux-armv7": "1.60.0",
        "@bufbuild/buf-linux-x64": "1.60.0",
        "@bufbuild/buf-win32-arm64": "1.60.0",
        "@bufbuild/buf-win32-x64": "1.60.0"
      }
    },
    "node_modules/@bufbuild/buf-darwin-arm64": {
      "version": "1.60.0",
      "resolved": "https://registry.npmjs.org/@bufbuild/buf-darwin-arm64/-/buf-darwin-arm64-1.60.0.tgz",
      "integrity": "sha512-3C/+EVyHnTGEl0DQ2GISab86IyE0jI4A65m059/BT0LFOF4vPbJU7bHO3Zzz+sFDWer+Ddi+93Tph+pWoxGI9A==",
      "cpu": [
        "arm64"
      ],
      "license": "Apache-2.0",
      "optional": true,
      "os": [
        "darwin"
      ],
      "engines": {
        "node": ">=12"
      }
    },
    "node_modules/@bufbuild/buf-darwin-x64": {
      "version": "1.60.0",
      "resolved": "https://registry.npmjs.org/@bufbuild/buf-darwin-x64/-/buf-darwin-x64-1.60.0.tgz",
      "integrity": "sha512-hS6BLLJGJj1FfA0m/pGI/ihv2i4/kin7pQlY1x1rE/FOwzpDFveLVKht+o6dt38cz2HSjLcItOrnke7D4hLBsg==",
      "cpu": [
        "x64"
      ],
      "license": "Apache-2.0",
      "optional": true,
      "os": [
        "darwin"
      ],
      "engines": {
        "node": ">=12"
      }
    },
    "node_modules/@bufbuild/buf-linux-aarch64": {
      "version": "1.60.0",
      "resolved": "https://registry.npmjs.org/@bufbuild/buf-linux-aarch64/-/buf-linux-aarch64-1.60.0.tgz",
      "integrity": "sha512-arpgQZ3YZ6RQ6xwCAfKaBHS7wlQBxBDeWSEb+KXOkCGu6fcJX+4b80vUWIVJPE+j2tfpIv02ncWLCwU1tyWeuA==",
      "cpu": [
        "arm64"
      ],
      "license": "Apache-2.0",
      "optional": true,
      "os": [
        "linux"
      ],
      "engines": {
        "node": ">=12"
      }
    },
    "node_modules/@bufbuild/buf-linux-armv7": {
      "version": "1.60.0",
      "resolved": "https://registry.npmjs.org/@bufbuild/buf-linux-armv7/-/buf-linux-armv7-1.60.0.tgz",
      "integrity": "sha512-4vDsFgo1m5+J/kY8L58tbnPlpbt6FUO5ngKSIporCTZ+VfpiMiK8R6kh0Tp7PDOO3nAyTqzY/V6h+APnewsuOQ==",
      "cpu": [
        "arm"
      ],
      "license": "Apache-2.0",
      "optional": true,
      "os": [
        "linux"
      ],
      "engines": {
        "node": ">=12"
      }
    },
    "node_modules/@bufbuild/buf-linux-x64": {
      "version": "1.60.0",
      "resolved": "https://registry.npmjs.org/@bufbuild/buf-linux-x64/-/buf-linux-x64-1.60.0.tgz",
      "integrity": "sha512-E3p1o1VLUxiPnTvOUXU5A37CeF3zbvNZYZQzZT2KZvMCbjch1ZG2zFBmgRtuGsid2aQ260O5NXurh+abDg3boA==",
      "cpu": [
        "x64"
      ],
      "license": "Apache-2.0",
      "optional": true,
      "os": [
        "linux"
      ],
      "engines": {
        "node": ">=12"
      }
    },
    "node_modules/@bufbuild/buf-win32-arm64": {
      "version": "1.60.0",
      "resolved": "https://registry.npmjs.org/@bufbuild/buf-win32-arm64/-/buf-win32-arm64-1.60.0.tgz",
      "integrity": "sha512-c3udQuwdCOZk5ijeQKT64rbXvzRvJzXqOLjOn+2loM/Yhx6csoOKzCRPxlGKP8qLy45woSoH/tfiBPzuvFKeLA==",
      "cpu": [
        "arm64"
      ],
      "license": "Apache-2.0",
      "optional": true,
      "os": [
        "win32"
      ],
      "engines": {
        "node": ">=12"
      }
    },
    "node_modules/@bufbuild/buf-win32-x64": {
      "version": "1.60.0",
      "resolved": "https://registry.npmjs.org/@bufbuild/buf-win32-x64/-/buf-win32-x64-1.60.0.tgz",
      "integrity": "sha512-xu/o0wJHK+KL/kvfbV/3UvcelJ+DAwxMwhjrGG0mCq91MY+wKXaQHwv28MDjHtSC71+aV81A/YgJDcQjpQtZkg==",
      "cpu": [
        "x64"
      ],
      "license": "Apache-2.0",
      "optional": true,
      "os": [
        "win32"
      ],
      "engines": {
        "node": ">=12"
      }
    }
  }
}
